
Microsoft Visual Studio Solution File, Format Version 12.00
# Visual Studio Version 17
VisualStudioVersion = 17.5.002.0
MinimumVisualStudioVersion = 10.0.40219.1
Project("{9A19103F-16F7-4668-BE54-9A1E7A4F7556}") = "Cs", "Cs\Cs.csproj", "{2DC58C9C-6310-454D-AF1A-1FD331F150F8}"
EndProject
Project("{2150E333-8FDC-42A3-9474-1A3956D46DE8}") = "00-FundamentosDoCSharp", "00-FundamentosDoCSharp", "{667D879C-5174-43B2-A89B-1FAFDEE64DE2}"
EndProject
Project("{9A19103F-16F7-4668-BE54-9A1E7A4F7556}") = "Cs", "00-FundamentosDoCSharp\06-aulasCSharpEditorHtml\Cs.csproj", "{36C508FC-183D-4175-8495-9E3E1FFA3CCC}"
EndProject
Project("{2150E333-8FDC-42A3-9474-1A3956D46DE8}") = "01-FundamentosDaOrientacaoAObjetosCSharp", "01-FundamentosDaOrientacaoAObjetosCSharp", "{43864160-DBE7-4299-9B82-4251C2A84D41}"
EndProject
Project("{9A19103F-16F7-4668-BE54-9A1E7A4F7556}") = "Cs", "01-FundamentosDaOrientacaoAObjetosCSharp\Aula92PartialClass\Cs.csproj", "{8C242D74-3201-4DCF-A9A7-30665509A92C}"
EndProject
Project("{2150E333-8FDC-42A3-9474-1A3956D46DE8}") = "12-aulasCSharpMaoNaMassa", "12-aulasCSharpMaoNaMassa", "{0A152C79-E8E1-43A1-86D0-EE70032C3FB5}"
EndProject
Project("{9A19103F-16F7-4668-BE54-9A1E7A4F7556}") = "Cs", "01-FundamentosDaOrientacaoAObjetosCSharp\12-aulasCSharpMaoNaMassa\Cs\Cs.csproj", "{4829F93E-008A-42C2-B314-1D44F3BEAE9C}"
EndProject
Global
	GlobalSection(SolutionConfigurationPlatforms) = preSolution
		Debug|Any CPU = Debug|Any CPU
		Release|Any CPU = Release|Any CPU
	EndGlobalSection
	GlobalSection(ProjectConfigurationPlatforms) = postSolution
		{2DC58C9C-6310-454D-AF1A-1FD331F150F8}.Debug|Any CPU.ActiveCfg = Debug|Any CPU
		{2DC58C9C-6310-454D-AF1A-1FD331F150F8}.Debug|Any CPU.Build.0 = Debug|Any CPU
		{2DC58C9C-6310-454D-AF1A-1FD331F150F8}.Release|Any CPU.ActiveCfg = Release|Any CPU
		{2DC58C9C-6310-454D-AF1A-1FD331F150F8}.Release|Any CPU.Build.0 = Release|Any CPU
		{36C508FC-183D-4175-8495-9E3E1FFA3CCC}.Debug|Any CPU.ActiveCfg = Debug|Any CPU
		{36C508FC-183D-4175-8495-9E3E1FFA3CCC}.Debug|Any CPU.Build.0 = Debug|Any CPU
		{36C508FC-183D-4175-8495-9E3E1FFA3CCC}.Release|Any CPU.ActiveCfg = Release|Any CPU
		{36C508FC-183D-4175-8495-9E3E1FFA3CCC}.Release|Any CPU.Build.0 = Release|Any CPU
		{8C242D74-3201-4DCF-A9A7-30665509A92C}.Debug|Any CPU.ActiveCfg = Debug|Any CPU
		{8C242D74-3201-4DCF-A9A7-30665509A92C}.Debug|Any CPU.Build.0 = Debug|Any CPU
		{8C242D74-3201-4DCF-A9A7-30665509A92C}.Release|Any CPU.ActiveCfg = Release|Any CPU
		{8C242D74-3201-4DCF-A9A7-30665509A92C}.Release|Any CPU.Build.0 = Release|Any CPU
		{4829F93E-008A-42C2-B314-1D44F3BEAE9C}.Debug|Any CPU.ActiveCfg = Debug|Any CPU
		{4829F93E-008A-42C2-B314-1D44F3BEAE9C}.Debug|Any CPU.Build.0 = Debug|Any CPU
		{4829F93E-008A-42C2-B314-1D44F3BEAE9C}.Release|Any CPU.ActiveCfg = Release|Any CPU
		{4829F93E-008A-42C2-B314-1D44F3BEAE9C}.Release|Any CPU.Build.0 = Release|Any CPU
	EndGlobalSection
	GlobalSection(SolutionProperties) = preSolution
		HideSolutionNode = FALSE
	EndGlobalSection
	GlobalSection(NestedProjects) = preSolution
		{36C508FC-183D-4175-8495-9E3E1FFA3CCC} = {667D879C-5174-43B2-A89B-1FAFDEE64DE2}
		{8C242D74-3201-4DCF-A9A7-30665509A92C} = {43864160-DBE7-4299-9B82-4251C2A84D41}
		{0A152C79-E8E1-43A1-86D0-EE70032C3FB5} = {43864160-DBE7-4299-9B82-4251C2A84D41}
		{4829F93E-008A-42C2-B314-1D44F3BEAE9C} = {0A152C79-E8E1-43A1-86D0-EE70032C3FB5}
	EndGlobalSection
	GlobalSection(ExtensibilityGlobals) = postSolution
		SolutionGuid = {EC111535-3758-4A76-8463-6307249B9D95}
	EndGlobalSection
EndGlobal
